#MicroXplorer Configuration settings - do not modify
ADC1.Channel-1\#ChannelRegularConversion=ADC_CHANNEL_9
ADC1.Channel-2\#ChannelRegularConversion=ADC_CHANNEL_14
ADC1.Channel-3\#ChannelRegularConversion=ADC_CHANNEL_15
ADC1.Channel-4\#ChannelRegularConversion=ADC_CHANNEL_12
ADC1.ClockPrescaler=ADC_CLOCK_ASYNC_DIV4
ADC1.CommonPathInternal=null|null|null|null
ADC1.DMAContinuousRequests=ENABLE
ADC1.EOCSelection=ADC_EOC_SEQ_CONV
ADC1.ExternalTrigConv=ADC_EXTERNALTRIG_T6_TRGO
ADC1.IPParameters=Rank-1\#ChannelRegularConversion,Channel-1\#ChannelRegularConversion,SamplingTime-1\#ChannelRegularConversion,OffsetNumber-1\#ChannelRegularConversion,NbrOfConversionFlag,ExternalTrigConv,ClockPrescaler,EOCSelection,DMAContinuousRequests,Rank-2\#ChannelRegularConversion,Channel-2\#ChannelRegularConversion,SamplingTime-2\#ChannelRegularConversion,OffsetNumber-2\#ChannelRegularConversion,Rank-3\#ChannelRegularConversion,Channel-3\#ChannelRegularConversion,SamplingTime-3\#ChannelRegularConversion,OffsetNumber-3\#ChannelRegularConversion,Rank-4\#ChannelRegularConversion,Channel-4\#ChannelRegularConversion,SamplingTime-4\#ChannelRegularConversion,OffsetNumber-4\#ChannelRegularConversion,NbrOfConversion,master,CommonPathInternal
ADC1.NbrOfConversion=4
ADC1.NbrOfConversionFlag=1
ADC1.OffsetNumber-1\#ChannelRegularConversion=ADC_OFFSET_NONE
ADC1.OffsetNumber-2\#ChannelRegularConversion=ADC_OFFSET_NONE
ADC1.OffsetNumber-3\#ChannelRegularConversion=ADC_OFFSET_NONE
ADC1.OffsetNumber-4\#ChannelRegularConversion=ADC_OFFSET_NONE
ADC1.Rank-1\#ChannelRegularConversion=1
ADC1.Rank-2\#ChannelRegularConversion=2
ADC1.Rank-3\#ChannelRegularConversion=3
ADC1.Rank-4\#ChannelRegularConversion=4
ADC1.SamplingTime-1\#ChannelRegularConversion=ADC_SAMPLETIME_47CYCLES_5
ADC1.SamplingTime-2\#ChannelRegularConversion=ADC_SAMPLETIME_47CYCLES_5
ADC1.SamplingTime-3\#ChannelRegularConversion=ADC_SAMPLETIME_47CYCLES_5
ADC1.SamplingTime-4\#ChannelRegularConversion=ADC_SAMPLETIME_47CYCLES_5
ADC1.master=1
ADC2.Channel-0\#ChannelRegularConversion=ADC_CHANNEL_7
ADC2.Channel-3\#ChannelRegularConversion=ADC_CHANNEL_11
ADC2.Channel-4\#ChannelRegularConversion=ADC_CHANNEL_4
ADC2.ClockPrescaler=ADC_CLOCK_ASYNC_DIV4
ADC2.CommonPathInternal=null|null|null|null
ADC2.DMAContinuousRequests=ENABLE
ADC2.EOCSelection=ADC_EOC_SEQ_CONV
ADC2.EnableInjectedConversion=ENABLE
ADC2.ExternalTrigConv=ADC_EXTERNALTRIG_T6_TRGO
ADC2.ExternalTrigInjecConv=ADC_EXTERNALTRIGINJEC_T8_TRGO
ADC2.IPParameters=Rank-0\#ChannelRegularConversion,Channel-0\#ChannelRegularConversion,SamplingTime-0\#ChannelRegularConversion,OffsetNumber-0\#ChannelRegularConversion,NbrOfConversionFlag,ClockPrescaler,EOCSelection,DMAContinuousRequests,NbrOfConversion,ExternalTrigConv,EnableInjectedConversion,InjectedRank-2\#ChannelInjectedConversion,InjectedChannel-2\#ChannelInjectedConversion,InjectedSamplingTime-2\#ChannelInjectedConversion,InjectedOffsetNumber-2\#ChannelInjectedConversion,InjNumberOfConversion,ExternalTrigInjecConv,Rank-3\#ChannelRegularConversion,Channel-3\#ChannelRegularConversion,SamplingTime-3\#ChannelRegularConversion,OffsetNumber-3\#ChannelRegularConversion,Rank-4\#ChannelRegularConversion,Channel-4\#ChannelRegularConversion,SamplingTime-4\#ChannelRegularConversion,OffsetNumber-4\#ChannelRegularConversion,CommonPathInternal
ADC2.InjNumberOfConversion=1
ADC2.InjectedChannel-2\#ChannelInjectedConversion=ADC_CHANNEL_12
ADC2.InjectedOffsetNumber-2\#ChannelInjectedConversion=ADC_OFFSET_NONE
ADC2.InjectedRank-2\#ChannelInjectedConversion=1
ADC2.InjectedSamplingTime-2\#ChannelInjectedConversion=ADC_SAMPLETIME_12CYCLES_5
ADC2.NbrOfConversion=3
ADC2.NbrOfConversionFlag=1
ADC2.OffsetNumber-0\#ChannelRegularConversion=ADC_OFFSET_NONE
ADC2.OffsetNumber-3\#ChannelRegularConversion=ADC_OFFSET_NONE
ADC2.OffsetNumber-4\#ChannelRegularConversion=ADC_OFFSET_NONE
ADC2.Rank-0\#ChannelRegularConversion=1
ADC2.Rank-3\#ChannelRegularConversion=2
ADC2.Rank-4\#ChannelRegularConversion=3
ADC2.SamplingTime-0\#ChannelRegularConversion=ADC_SAMPLETIME_92CYCLES_5
ADC2.SamplingTime-3\#ChannelRegularConversion=ADC_SAMPLETIME_92CYCLES_5
ADC2.SamplingTime-4\#ChannelRegularConversion=ADC_SAMPLETIME_92CYCLES_5
ADC3.Channel-0\#ChannelRegularConversion=ADC_CHANNEL_10
ADC3.Channel-1\#ChannelRegularConversion=ADC_CHANNEL_8
ADC3.Channel-2\#ChannelRegularConversion=ADC_CHANNEL_9
ADC3.Channel-3\#ChannelRegularConversion=ADC_CHANNEL_4
ADC3.Channel-4\#ChannelRegularConversion=ADC_CHANNEL_11
ADC3.Channel-5\#ChannelRegularConversion=ADC_CHANNEL_3
ADC3.ClockPrescaler=ADC_CLOCK_ASYNC_DIV4
ADC3.CommonPathInternal=null|null|null|null
ADC3.DMAContinuousRequests=ENABLE
ADC3.EOCSelection=ADC_EOC_SEQ_CONV
ADC3.EnableInjectedConversion=ENABLE
ADC3.ExternalTrigConv=ADC_EXTERNALTRIG_T6_TRGO
ADC3.ExternalTrigInjecConv=ADC_EXTERNALTRIGINJEC_T8_TRGO
ADC3.IPParameters=Rank-0\#ChannelRegularConversion,Channel-0\#ChannelRegularConversion,SamplingTime-0\#ChannelRegularConversion,OffsetNumber-0\#ChannelRegularConversion,NbrOfConversionFlag,ClockPrescaler,master,EOCSelection,DMAContinuousRequests,Rank-1\#ChannelRegularConversion,Channel-1\#ChannelRegularConversion,SamplingTime-1\#ChannelRegularConversion,OffsetNumber-1\#ChannelRegularConversion,Rank-2\#ChannelRegularConversion,Channel-2\#ChannelRegularConversion,SamplingTime-2\#ChannelRegularConversion,OffsetNumber-2\#ChannelRegularConversion,Rank-3\#ChannelRegularConversion,Channel-3\#ChannelRegularConversion,SamplingTime-3\#ChannelRegularConversion,OffsetNumber-3\#ChannelRegularConversion,Rank-4\#ChannelRegularConversion,Channel-4\#ChannelRegularConversion,SamplingTime-4\#ChannelRegularConversion,OffsetNumber-4\#ChannelRegularConversion,Rank-5\#ChannelRegularConversion,Channel-5\#ChannelRegularConversion,SamplingTime-5\#ChannelRegularConversion,OffsetNumber-5\#ChannelRegularConversion,NbrOfConversion,ExternalTrigConv,EnableInjectedConversion,InjectedRank-6\#ChannelInjectedConversion,InjectedChannel-6\#ChannelInjectedConversion,Rank1_Channel,InjectedSamplingTime-6\#ChannelInjectedConversion,InjectedOffsetNumber-6\#ChannelInjectedConversion,InjectedRank-7\#ChannelInjectedConversion,InjectedChannel-7\#ChannelInjectedConversion,Rank2_Channel,InjectedSamplingTime-7\#ChannelInjectedConversion,InjectedOffsetNumber-7\#ChannelInjectedConversion,InjNumberOfConversion,ExternalTrigInjecConv,CommonPathInternal
ADC3.InjNumberOfConversion=2
ADC3.InjectedChannel-6\#ChannelInjectedConversion=ADC_CHANNEL_2
ADC3.InjectedChannel-7\#ChannelInjectedConversion=ADC_CHANNEL_7
ADC3.InjectedOffsetNumber-6\#ChannelInjectedConversion=ADC_OFFSET_NONE
ADC3.InjectedOffsetNumber-7\#ChannelInjectedConversion=ADC_OFFSET_NONE
ADC3.InjectedRank-6\#ChannelInjectedConversion=1
ADC3.InjectedRank-7\#ChannelInjectedConversion=2
ADC3.InjectedSamplingTime-6\#ChannelInjectedConversion=ADC_SAMPLETIME_12CYCLES_5
ADC3.InjectedSamplingTime-7\#ChannelInjectedConversion=ADC_SAMPLETIME_12CYCLES_5
ADC3.NbrOfConversion=6
ADC3.NbrOfConversionFlag=1
ADC3.OffsetNumber-0\#ChannelRegularConversion=ADC_OFFSET_NONE
ADC3.OffsetNumber-1\#ChannelRegularConversion=ADC_OFFSET_NONE
ADC3.OffsetNumber-2\#ChannelRegularConversion=ADC_OFFSET_NONE
ADC3.OffsetNumber-3\#ChannelRegularConversion=ADC_OFFSET_NONE
ADC3.OffsetNumber-4\#ChannelRegularConversion=ADC_OFFSET_NONE
ADC3.OffsetNumber-5\#ChannelRegularConversion=ADC_OFFSET_NONE
ADC3.Rank-0\#ChannelRegularConversion=1
ADC3.Rank-1\#ChannelRegularConversion=2
ADC3.Rank-2\#ChannelRegularConversion=3
ADC3.Rank-3\#ChannelRegularConversion=4
ADC3.Rank-4\#ChannelRegularConversion=5
ADC3.Rank-5\#ChannelRegularConversion=6
ADC3.Rank1_Channel=ADC_CHANNEL_2
ADC3.Rank2_Channel=ADC_CHANNEL_7
ADC3.SamplingTime-0\#ChannelRegularConversion=ADC_SAMPLETIME_47CYCLES_5
ADC3.SamplingTime-1\#ChannelRegularConversion=ADC_SAMPLETIME_47CYCLES_5
ADC3.SamplingTime-2\#ChannelRegularConversion=ADC_SAMPLETIME_47CYCLES_5
ADC3.SamplingTime-3\#ChannelRegularConversion=ADC_SAMPLETIME_47CYCLES_5
ADC3.SamplingTime-4\#ChannelRegularConversion=ADC_SAMPLETIME_47CYCLES_5
ADC3.SamplingTime-5\#ChannelRegularConversion=ADC_SAMPLETIME_47CYCLES_5
ADC3.master=1
ADC4.Channel-0\#ChannelRegularConversion=ADC_CHANNEL_1
ADC4.ClockPrescaler=ADC_CLOCK_ASYNC_DIV4
ADC4.CommonPathInternal=null|null|null|null
ADC4.DMAContinuousRequests=ENABLE
ADC4.EOCSelection=ADC_EOC_SEQ_CONV
ADC4.EnableInjectedConversion=ENABLE
ADC4.ExternalTrigConv=ADC_EXTERNALTRIG_T6_TRGO
ADC4.ExternalTrigInjecConv=ADC_EXTERNALTRIGINJEC_T8_TRGO
ADC4.IPParameters=Rank-0\#ChannelRegularConversion,ClockPrescaler,Channel-0\#ChannelRegularConversion,SamplingTime-0\#ChannelRegularConversion,OffsetNumber-0\#ChannelRegularConversion,NbrOfConversionFlag,NbrOfConversion,EOCSelection,DMAContinuousRequests,ExternalTrigConv,EnableInjectedConversion,InjectedRank-2\#ChannelInjectedConversion,InjectedChannel-2\#ChannelInjectedConversion,Rank1_Channel,InjectedSamplingTime-2\#ChannelInjectedConversion,InjectedOffsetNumber-2\#ChannelInjectedConversion,InjNumberOfConversion,ExternalTrigInjecConv,CommonPathInternal
ADC4.InjNumberOfConversion=1
ADC4.InjectedChannel-2\#ChannelInjectedConversion=ADC_CHANNEL_6
ADC4.InjectedOffsetNumber-2\#ChannelInjectedConversion=ADC_OFFSET_NONE
ADC4.InjectedRank-2\#ChannelInjectedConversion=1
ADC4.InjectedSamplingTime-2\#ChannelInjectedConversion=ADC_SAMPLETIME_12CYCLES_5
ADC4.NbrOfConversion=1
ADC4.NbrOfConversionFlag=1
ADC4.OffsetNumber-0\#ChannelRegularConversion=ADC_OFFSET_NONE
ADC4.Rank-0\#ChannelRegularConversion=1
ADC4.Rank1_Channel=ADC_CHANNEL_6
ADC4.SamplingTime-0\#ChannelRegularConversion=ADC_SAMPLETIME_247CYCLES_5
ADC5.Channel-0\#ChannelRegularConversion=ADC_CHANNEL_14
ADC5.ClockPrescaler=ADC_CLOCK_ASYNC_DIV4
ADC5.CommonPathInternal=null|null|null|null
ADC5.DMAContinuousRequests=ENABLE
ADC5.EOCSelection=ADC_EOC_SEQ_CONV
ADC5.ExternalTrigConv=ADC_EXTERNALTRIG_T6_TRGO
ADC5.IPParameters=Rank-0\#ChannelRegularConversion,Channel-0\#ChannelRegularConversion,SamplingTime-0\#ChannelRegularConversion,OffsetNumber-0\#ChannelRegularConversion,NbrOfConversionFlag,ClockPrescaler,EOCSelection,DMAContinuousRequests,ExternalTrigConv,CommonPathInternal
ADC5.NbrOfConversionFlag=1
ADC5.OffsetNumber-0\#ChannelRegularConversion=ADC_OFFSET_NONE
ADC5.Rank-0\#ChannelRegularConversion=1
ADC5.SamplingTime-0\#ChannelRegularConversion=ADC_SAMPLETIME_247CYCLES_5
CAD.formats=
CAD.pinconfig=
CAD.provider=
CRC.CRCLength=CRC_POLYLENGTH_16B
CRC.DefaultInitValueUse=DEFAULT_INIT_VALUE_DISABLE
CRC.DefaultPolynomialUse=DEFAULT_POLYNOMIAL_DISABLE
CRC.GeneratingPolynomial=X12+X5+X0
CRC.IPParameters=DefaultPolynomialUse,CRCLength,GeneratingPolynomial,DefaultInitValueUse,InitValue,InputDataInversionMode,OutputDataInversionMode
CRC.InitValue=0x0000
CRC.InputDataInversionMode=CRC_INPUTDATA_INVERSION_BYTE
CRC.OutputDataInversionMode=CRC_OUTPUTDATA_INVERSION_ENABLE
DAC1.DAC_SampleAndHold-DAC_OUT1=DAC_SAMPLEANDHOLD_DISABLE
DAC1.IPParameters=DAC_SampleAndHold-DAC_OUT1
Dma.ADC1.4.Direction=DMA_PERIPH_TO_MEMORY
Dma.ADC1.4.EventEnable=DISABLE
Dma.ADC1.4.Instance=DMA1_Channel1
Dma.ADC1.4.MemDataAlignment=DMA_MDATAALIGN_HALFWORD
Dma.ADC1.4.MemInc=DMA_MINC_ENABLE
Dma.ADC1.4.Mode=DMA_CIRCULAR
Dma.ADC1.4.PeriphDataAlignment=DMA_PDATAALIGN_HALFWORD
Dma.ADC1.4.PeriphInc=DMA_PINC_DISABLE
Dma.ADC1.4.Polarity=HAL_DMAMUX_REQ_GEN_RISING
Dma.ADC1.4.Priority=DMA_PRIORITY_LOW
Dma.ADC1.4.RequestNumber=1
Dma.ADC1.4.RequestParameters=Instance,Direction,PeriphInc,MemInc,PeriphDataAlignment,MemDataAlignment,Mode,Priority,SignalID,Polarity,RequestNumber,SyncSignalID,SyncPolarity,SyncEnable,EventEnable,SyncRequestNumber
Dma.ADC1.4.SignalID=NONE
Dma.ADC1.4.SyncEnable=DISABLE
Dma.ADC1.4.SyncPolarity=HAL_DMAMUX_SYNC_NO_EVENT
Dma.ADC1.4.SyncRequestNumber=1
Dma.ADC1.4.SyncSignalID=NONE
Dma.ADC2.3.Direction=DMA_PERIPH_TO_MEMORY
Dma.ADC2.3.EventEnable=DISABLE
Dma.ADC2.3.Instance=DMA1_Channel2
Dma.ADC2.3.MemDataAlignment=DMA_MDATAALIGN_HALFWORD
Dma.ADC2.3.MemInc=DMA_MINC_ENABLE
Dma.ADC2.3.Mode=DMA_CIRCULAR
Dma.ADC2.3.PeriphDataAlignment=DMA_PDATAALIGN_HALFWORD
Dma.ADC2.3.PeriphInc=DMA_PINC_DISABLE
Dma.ADC2.3.Polarity=HAL_DMAMUX_REQ_GEN_RISING
Dma.ADC2.3.Priority=DMA_PRIORITY_MEDIUM
Dma.ADC2.3.RequestNumber=1
Dma.ADC2.3.RequestParameters=Instance,Direction,PeriphInc,MemInc,PeriphDataAlignment,MemDataAlignment,Mode,Priority,SignalID,Polarity,RequestNumber,SyncSignalID,SyncPolarity,SyncEnable,EventEnable,SyncRequestNumber
Dma.ADC2.3.SignalID=NONE
Dma.ADC2.3.SyncEnable=DISABLE
Dma.ADC2.3.SyncPolarity=HAL_DMAMUX_SYNC_NO_EVENT
Dma.ADC2.3.SyncRequestNumber=1
Dma.ADC2.3.SyncSignalID=NONE
Dma.ADC3.2.Direction=DMA_PERIPH_TO_MEMORY
Dma.ADC3.2.EventEnable=DISABLE
Dma.ADC3.2.Instance=DMA1_Channel3
Dma.ADC3.2.MemDataAlignment=DMA_MDATAALIGN_HALFWORD
Dma.ADC3.2.MemInc=DMA_MINC_ENABLE
Dma.ADC3.2.Mode=DMA_CIRCULAR
Dma.ADC3.2.PeriphDataAlignment=DMA_PDATAALIGN_HALFWORD
Dma.ADC3.2.PeriphInc=DMA_PINC_DISABLE
Dma.ADC3.2.Polarity=HAL_DMAMUX_REQ_GEN_RISING
Dma.ADC3.2.Priority=DMA_PRIORITY_MEDIUM
Dma.ADC3.2.RequestNumber=1
Dma.ADC3.2.RequestParameters=Instance,Direction,PeriphInc,MemInc,PeriphDataAlignment,MemDataAlignment,Mode,Priority,SignalID,Polarity,RequestNumber,SyncSignalID,SyncPolarity,SyncEnable,EventEnable,SyncRequestNumber
Dma.ADC3.2.SignalID=NONE
Dma.ADC3.2.SyncEnable=DISABLE
Dma.ADC3.2.SyncPolarity=HAL_DMAMUX_SYNC_NO_EVENT
Dma.ADC3.2.SyncRequestNumber=1
Dma.ADC3.2.SyncSignalID=NONE
Dma.ADC4.1.Direction=DMA_PERIPH_TO_MEMORY
Dma.ADC4.1.EventEnable=DISABLE
Dma.ADC4.1.Instance=DMA1_Channel4
Dma.ADC4.1.MemDataAlignment=DMA_MDATAALIGN_HALFWORD
Dma.ADC4.1.MemInc=DMA_MINC_ENABLE
Dma.ADC4.1.Mode=DMA_CIRCULAR
Dma.ADC4.1.PeriphDataAlignment=DMA_PDATAALIGN_HALFWORD
Dma.ADC4.1.PeriphInc=DMA_PINC_DISABLE
Dma.ADC4.1.Polarity=HAL_DMAMUX_REQ_GEN_RISING
Dma.ADC4.1.Priority=DMA_PRIORITY_HIGH
Dma.ADC4.1.RequestNumber=1
Dma.ADC4.1.RequestParameters=Instance,Direction,PeriphInc,MemInc,PeriphDataAlignment,MemDataAlignment,Mode,Priority,SignalID,Polarity,RequestNumber,SyncSignalID,SyncPolarity,SyncEnable,EventEnable,SyncRequestNumber
Dma.ADC4.1.SignalID=NONE
Dma.ADC4.1.SyncEnable=DISABLE
Dma.ADC4.1.SyncPolarity=HAL_DMAMUX_SYNC_NO_EVENT
Dma.ADC4.1.SyncRequestNumber=1
Dma.ADC4.1.SyncSignalID=NONE
Dma.ADC5.0.Direction=DMA_PERIPH_TO_MEMORY
Dma.ADC5.0.EventEnable=DISABLE
Dma.ADC5.0.Instance=DMA1_Channel5
Dma.ADC5.0.MemDataAlignment=DMA_MDATAALIGN_HALFWORD
Dma.ADC5.0.MemInc=DMA_MINC_ENABLE
Dma.ADC5.0.Mode=DMA_CIRCULAR
Dma.ADC5.0.PeriphDataAlignment=DMA_PDATAALIGN_HALFWORD
Dma.ADC5.0.PeriphInc=DMA_PINC_DISABLE
Dma.ADC5.0.Polarity=HAL_DMAMUX_REQ_GEN_RISING
Dma.ADC5.0.Priority=DMA_PRIORITY_HIGH
Dma.ADC5.0.RequestNumber=1
Dma.ADC5.0.RequestParameters=Instance,Direction,PeriphInc,MemInc,PeriphDataAlignment,MemDataAlignment,Mode,Priority,SignalID,Polarity,RequestNumber,SyncSignalID,SyncPolarity,SyncEnable,EventEnable,SyncRequestNumber
Dma.ADC5.0.SignalID=NONE
Dma.ADC5.0.SyncEnable=DISABLE
Dma.ADC5.0.SyncPolarity=HAL_DMAMUX_SYNC_NO_EVENT
Dma.ADC5.0.SyncRequestNumber=1
Dma.ADC5.0.SyncSignalID=NONE
Dma.Request0=ADC5
Dma.Request1=ADC4
Dma.Request2=ADC3
Dma.Request3=ADC2
Dma.Request4=ADC1
Dma.RequestsNb=5
FDCAN2.CalculateBaudRateNominal=499999
FDCAN2.CalculateTimeBitNominal=2000
FDCAN2.CalculateTimeQuantumNominal=58.82352941176471
FDCAN2.DataPrescaler=5
FDCAN2.DataSyncJumpWidth=6
FDCAN2.DataTimeSeg1=25
FDCAN2.DataTimeSeg2=8
FDCAN2.ExtFiltersNbr=4
FDCAN2.IPParameters=CalculateTimeQuantumNominal,CalculateTimeBitNominal,CalculateBaudRateNominal,TransmitPause,NominalSyncJumpWidth,DataPrescaler,DataSyncJumpWidth,DataTimeSeg1,DataTimeSeg2,StdFiltersNbr,NominalPrescaler,NominalTimeSeg1,NominalTimeSeg2,ExtFiltersNbr
FDCAN2.NominalPrescaler=5
FDCAN2.NominalSyncJumpWidth=6
FDCAN2.NominalTimeSeg1=25
FDCAN2.NominalTimeSeg2=8
FDCAN2.StdFiltersNbr=4
FDCAN2.TransmitPause=ENABLE
File.Version=6
GPIO.groupedBy=Group By Peripherals
I2C2.CustomTiming=Disabled
I2C2.I2C_Coeff_DF=1
I2C2.I2C_Fall_Time=100
I2C2.I2C_Rise_Time=100
I2C2.IPParameters=Timing,CustomTiming,I2C_Rise_Time,I2C_Fall_Time,I2C_Coeff_DF
I2C2.Timing=0x20916FA0
KeepUserPlacement=false
Mcu.CPN=STM32G474VET3
Mcu.Family=STM32G4
Mcu.IP0=ADC1
Mcu.IP1=ADC2
Mcu.IP10=I2C2
Mcu.IP11=NVIC
Mcu.IP12=RCC
Mcu.IP13=SPI1
Mcu.IP14=SPI4
Mcu.IP15=SYS
Mcu.IP16=TIM2
Mcu.IP17=TIM3
Mcu.IP18=TIM6
Mcu.IP19=TIM7
Mcu.IP2=ADC3
Mcu.IP20=TIM8
Mcu.IP21=TIM20
Mcu.IP22=USART3
Mcu.IP3=ADC4
Mcu.IP4=ADC5
Mcu.IP5=CORDIC
Mcu.IP6=CRC
Mcu.IP7=DAC1
Mcu.IP8=DMA
Mcu.IP9=FDCAN2
Mcu.IPNb=23
Mcu.Name=STM32G474V(B-C-E)Tx
Mcu.Package=LQFP100
Mcu.Pin0=PE2
Mcu.Pin1=PE4
Mcu.Pin10=PC3
Mcu.Pin11=PA0
Mcu.Pin12=PA1
Mcu.Pin13=PA4
Mcu.Pin14=PA5
Mcu.Pin15=PA6
Mcu.Pin16=PA7
Mcu.Pin17=PC4
Mcu.Pin18=PC5
Mcu.Pin19=PB0
Mcu.Pin2=PE5
Mcu.Pin20=PB1
Mcu.Pin21=PB2
Mcu.Pin22=PE7
Mcu.Pin23=PE8
Mcu.Pin24=PE9
Mcu.Pin25=PE10
Mcu.Pin26=PE11
Mcu.Pin27=PE13
Mcu.Pin28=PE14
Mcu.Pin29=PE15
Mcu.Pin3=PE6
Mcu.Pin30=PB10
Mcu.Pin31=PB11
Mcu.Pin32=PB12
Mcu.Pin33=PB13
Mcu.Pin34=PB14
Mcu.Pin35=PB15
Mcu.Pin36=PD8
Mcu.Pin37=PD9
Mcu.Pin38=PD10
Mcu.Pin39=PD11
Mcu.Pin4=PC14-OSC32_IN
Mcu.Pin40=PD12
Mcu.Pin41=PD13
Mcu.Pin42=PD14
Mcu.Pin43=PD15
Mcu.Pin44=PC6
Mcu.Pin45=PC7
Mcu.Pin46=PC8
Mcu.Pin47=PC9
Mcu.Pin48=PA8
Mcu.Pin49=PA9
Mcu.Pin5=PC15-OSC32_OUT
Mcu.Pin50=PA10
Mcu.Pin51=PA11
Mcu.Pin52=PA13
Mcu.Pin53=PA14
Mcu.Pin54=PA15
Mcu.Pin55=PC10
Mcu.Pin56=PC12
Mcu.Pin57=PD0
Mcu.Pin58=PD1
Mcu.Pin59=PD2
Mcu.Pin6=PF0-OSC_IN
Mcu.Pin60=PD3
Mcu.Pin61=PD7
Mcu.Pin62=PB3
Mcu.Pin63=PB4
Mcu.Pin64=PB5
Mcu.Pin65=PB6
Mcu.Pin66=PB8-BOOT0
Mcu.Pin67=PB9
Mcu.Pin68=VP_CORDIC_VS_CORDIC
Mcu.Pin69=VP_CRC_VS_CRC
Mcu.Pin7=PF1-OSC_OUT
Mcu.Pin70=VP_SYS_V_PVD_IN
Mcu.Pin71=VP_SYS_VS_Systick
Mcu.Pin72=VP_SYS_VS_DBSignals
Mcu.Pin73=VP_TIM3_VS_ClockSourceINT
Mcu.Pin74=VP_TIM6_VS_ClockSourceINT
Mcu.Pin75=VP_TIM7_VS_ClockSourceINT
Mcu.Pin76=VP_TIM8_VS_ClockSourceINT
Mcu.Pin77=VP_TIM20_VS_ClockSourceINT
Mcu.Pin8=PC1
Mcu.Pin9=PC2
Mcu.PinsNb=78
Mcu.ThirdPartyNb=0
Mcu.UserConstants=
Mcu.UserName=STM32G474VETx
MxCube.Version=6.10.0
MxDb.Version=DB.6.0.100
NVIC.ADC1_2_IRQn=true\:2\:0\:true\:false\:true\:true\:true\:true
NVIC.ADC3_IRQn=true\:2\:0\:true\:false\:true\:true\:true\:true
NVIC.ADC4_IRQn=true\:2\:0\:true\:false\:true\:true\:true\:true
NVIC.BusFault_IRQn=true\:7\:0\:true\:false\:true\:false\:false\:false
NVIC.DMA1_Channel1_IRQn=true\:4\:0\:true\:false\:true\:false\:true\:true
NVIC.DMA1_Channel2_IRQn=true\:4\:0\:true\:false\:true\:false\:true\:true
NVIC.DMA1_Channel3_IRQn=true\:4\:0\:true\:false\:true\:false\:true\:true
NVIC.DMA1_Channel4_IRQn=true\:4\:0\:true\:false\:true\:false\:true\:true
NVIC.DMA1_Channel5_IRQn=true\:4\:0\:true\:false\:true\:false\:true\:true
NVIC.DebugMonitor_IRQn=true\:9\:0\:true\:false\:true\:false\:false\:false
NVIC.FDCAN2_IT0_IRQn=true\:8\:0\:true\:false\:true\:true\:true\:true
NVIC.FDCAN2_IT1_IRQn=true\:8\:0\:true\:false\:true\:true\:true\:true
NVIC.ForceEnableDMAVector=true
NVIC.HardFault_IRQn=true\:0\:0\:false\:false\:true\:false\:false\:false
NVIC.MemoryManagement_IRQn=true\:7\:0\:true\:false\:true\:false\:false\:false
NVIC.NonMaskableInt_IRQn=true\:0\:0\:false\:false\:true\:false\:false\:false
NVIC.PendSV_IRQn=true\:0\:0\:true\:false\:true\:false\:false\:false
NVIC.PriorityGroup=NVIC_PRIORITYGROUP_4
NVIC.SVCall_IRQn=true\:9\:0\:true\:false\:true\:false\:false\:false
NVIC.SysTick_IRQn=true\:0\:0\:true\:false\:true\:false\:true\:false
NVIC.TIM20_CC_IRQn=true\:0\:0\:false\:false\:true\:true\:true\:true
NVIC.TIM3_IRQn=true\:10\:0\:true\:false\:true\:true\:true\:true
NVIC.TIM7_DAC_IRQn=true\:6\:0\:true\:false\:true\:true\:true\:true
NVIC.TIM8_BRK_IRQn=true\:0\:0\:false\:false\:true\:true\:true\:true
NVIC.TIM8_UP_IRQn=true\:1\:0\:true\:false\:true\:true\:true\:true
NVIC.UsageFault_IRQn=true\:9\:0\:true\:false\:true\:false\:false\:false
PA0.GPIOParameters=GPIO_Label
PA0.GPIO_Label=MP_B_TIM2 CH1
PA0.Locked=true
PA0.Signal=S_TIM2_CH1
PA1.GPIOParameters=GPIO_Label
PA1.GPIO_Label=MP_A_TIM2 CH2
PA1.Locked=true
PA1.Signal=S_TIM2_CH2
PA10.GPIOParameters=GPIO_Label
PA10.GPIO_Label=I2C_nRST_1
PA10.Locked=true
PA10.Signal=GPIO_Output
PA11.GPIOParameters=GPIO_Label
PA11.GPIO_Label=Kill Switch_DI
PA11.Locked=true
PA11.Signal=GPIO_Input
PA13.Locked=true
PA13.Mode=Serial_Wire
PA13.Signal=SYS_JTMS-SWDIO
PA14.Locked=true
PA14.Mode=Serial_Wire
PA14.Signal=SYS_JTCK-SWCLK
PA15.GPIOParameters=GPIO_Label
PA15.GPIO_Label=PWM_HV
PA15.Locked=true
PA15.Signal=S_TIM8_CH1
PA4.GPIOParameters=GPIO_Label
PA4.GPIO_Label=Debug1_DAC
PA4.Locked=true
PA4.Signal=COMP_DAC11_group
PA5.GPIOParameters=GPIO_Label
PA5.GPIO_Label=MP_Z_TIM2 ETR
PA5.Locked=true
PA5.Signal=S_TIM2_ETR
PA6.GPIOParameters=GPIO_Label
PA6.GPIO_Label=HWOCP_BKIN
PA6.Locked=true
PA6.Mode=Activate-Break-Input
PA6.Signal=TIM8_BKIN
PA7.GPIOParameters=GPIO_Label
PA7.GPIO_Label=MOTOR_NTC_2_ADC
PA7.Locked=true
PA7.Mode=IN4-Single-Ended
PA7.Signal=ADC2_IN4
PA8.GPIOParameters=GPIO_Label
PA8.GPIO_Label=I2C_SDA_1
PA8.Locked=true
PA8.Mode=I2C
PA8.Signal=I2C2_SDA
PA9.GPIOParameters=GPIO_Label
PA9.GPIO_Label=I2C_SCL_1
PA9.Locked=true
PA9.Mode=I2C
PA9.Signal=I2C2_SCL
PB0.GPIOParameters=GPIO_Label
PB0.GPIO_Label=HW ID1_ADC
PB0.Locked=true
PB0.Mode=IN15-Single-Ended
PB0.Signal=ADC1_IN15
PB1.GPIOParameters=GPIO_Label
PB1.GPIO_Label=HW ID2_ADC
PB1.Locked=true
PB1.Mode=IN12-Single-Ended
PB1.Signal=ADC1_IN12
PB10.GPIOParameters=GPIO_Label
PB10.GPIO_Label=ISEN_VFault_DI
PB10.Locked=true
PB10.Signal=GPIO_Input
PB11.GPIOParameters=GPIO_Label
PB11.GPIO_Label=ES5V_FB_ADC
PB11.Locked=true
PB11.Mode=IN14-Single-Ended
PB11.Signal=ADC1_IN14
PB12.GPIOParameters=GPIO_Label
PB12.GPIO_Label=CAN_0_RX
PB12.Locked=true
PB12.Mode=FDCAN_Activate
PB12.Signal=FDCAN2_RX
PB13.GPIOParameters=GPIO_Label
PB13.GPIO_Label=CAN_0_TX
PB13.Locked=true
PB13.Mode=FDCAN_Activate
PB13.Signal=FDCAN2_TX
PB14.GPIOParameters=GPIO_Label
PB14.GPIO_Label=Rear Fault_DI
PB14.Locked=true
PB14.Signal=GPIO_Input
PB15.GPIOParameters=GPIO_Label
PB15.GPIO_Label=Front Fault_DI
PB15.Locked=true
PB15.Signal=GPIO_Input
PB2.GPIOParameters=GPIO_Label
PB2.GPIO_Label=ISE_W_AD
PB2.Locked=true
PB2.Mode=IN12-Single-Ended
PB2.Signal=ADC2_IN12
PB3.GPIOParameters=GPIO_Label
PB3.GPIO_Label=FLASH_SPI_SCK
PB3.Locked=true
PB3.Mode=Full_Duplex_Master
PB3.Signal=SPI1_SCK
PB4.GPIOParameters=GPIO_Label
PB4.GPIO_Label=FALSH_SPI_MISO
PB4.Locked=true
PB4.Mode=Full_Duplex_Master
PB4.Signal=SPI1_MISO
PB5.GPIOParameters=GPIO_Label
PB5.GPIO_Label=FLASH_SPI_MOSI
PB5.Locked=true
PB5.Mode=Full_Duplex_Master
PB5.Signal=SPI1_MOSI
PB6.GPIOParameters=GPIO_Label
PB6.GPIO_Label=FLASH HOLD_DO
PB6.Locked=true
PB6.Signal=GPIO_Output
PB8-BOOT0.GPIOParameters=GPIO_Label
PB8-BOOT0.GPIO_Label=boot0_DI
PB8-BOOT0.Locked=true
PB8-BOOT0.Signal=GPIO_Input
PB9.GPIOParameters=GPIO_Label
PB9.GPIO_Label=PWM_LW
PB9.Locked=true
PB9.Signal=S_TIM8_CH3
PC1.GPIOParameters=GPIO_Label
PC1.GPIO_Label=E5V_FB_ADC
PC1.Locked=true
PC1.Mode=IN7-Single-Ended
PC1.Signal=ADC2_IN7
PC10.GPIOParameters=GPIO_Label
PC10.GPIO_Label=PWM_LV
PC10.Locked=true
PC10.Mode=PWM Generation1 CH1 CH1N
PC10.Signal=TIM8_CH1N
PC12.GPIOParameters=GPIO_Label
PC12.GPIO_Label=PWM_HW
PC12.Locked=true
PC12.Mode=PWM Generation3 CH3 CH3N
PC12.Signal=TIM8_CH3N
PC14-OSC32_IN.GPIOParameters=GPIO_Label
PC14-OSC32_IN.GPIO_Label=Debug_DO2
PC14-OSC32_IN.Locked=true
PC14-OSC32_IN.Signal=GPIO_Output
PC15-OSC32_OUT.GPIOParameters=GPIO_Label
PC15-OSC32_OUT.GPIO_Label=Debug_DO1
PC15-OSC32_OUT.Locked=true
PC15-OSC32_OUT.Signal=GPIO_Output
PC2.GPIOParameters=GPIO_Label
PC2.GPIO_Label=MP_PWM_TIM20 CH2
PC2.Locked=true
PC2.Signal=S_TIM20_CH2
PC3.GPIOParameters=GPIO_Label
PC3.GPIO_Label=Motor NTC0_ADC
PC3.Locked=true
PC3.Mode=IN9-Single-Ended
PC3.Signal=ADC1_IN9
PC4.GPIOParameters=GPIO_Label
PC4.GPIO_Label=ISEN_UFault_DI
PC4.Locked=true
PC4.Signal=GPIO_Input
PC5.GPIOParameters=GPIO_Label
PC5.GPIO_Label=MOTOR_NTC_1_ADC
PC5.Locked=true
PC5.Mode=IN11-Single-Ended
PC5.Signal=ADC2_IN11
PC6.GPIOParameters=GPIO_Label
PC6.GPIO_Label=Rear_sig_DO
PC6.Locked=true
PC6.Signal=GPIO_Output
PC7.GPIOParameters=GPIO_Label
PC7.GPIO_Label=Boost_DI
PC7.Locked=true
PC7.Signal=GPIO_Input
PC8.GPIOParameters=GPIO_Label
PC8.GPIO_Label=Reverse_DI
PC8.Locked=true
PC8.Signal=GPIO_Input
PC9.GPIOParameters=GPIO_Label
PC9.GPIO_Label=Brake_DI
PC9.Locked=true
PC9.Signal=GPIO_Input
PCC.Checker=true
PCC.Line=STM32G4x4
PCC.MCU=STM32G474V(B-C-E)Tx
PCC.PartNumber=STM32G474VETx
PCC.Seq0=3
PCC.Seq0.Step0.Average_Current=29.5 mA
PCC.Seq0.Step0.CPU_Frequency=170 MHz
PCC.Seq0.Step0.Category=In DS Table
PCC.Seq0.Step0.DMIPS=213.0
PCC.Seq0.Step0.Duration=0.1 ms
PCC.Seq0.Step0.Frequency=4 MHz
PCC.Seq0.Step0.Memory=FLASH/DualBank/ART
PCC.Seq0.Step0.Mode=RUN
PCC.Seq0.Step0.Oscillator=HSE BYP PLL
PCC.Seq0.Step0.Peripherals=
PCC.Seq0.Step0.TaMax=123.27
PCC.Seq0.Step0.User's_Consumption=0 mA
PCC.Seq0.Step0.Vcore=Range1-Boost
PCC.Seq0.Step0.Vdd=3.0
PCC.Seq0.Step0.Voltage_Source=Battery
PCC.Seq0.Step1.Average_Current=47.92 mA
PCC.Seq0.Step1.CPU_Frequency=170 MHz
PCC.Seq0.Step1.Category=In DS Table
PCC.Seq0.Step1.DMIPS=212.5
PCC.Seq0.Step1.Duration=0.9 ms
PCC.Seq0.Step1.Frequency=4 MHz
PCC.Seq0.Step1.Memory=FLASH/DualBank/ART
PCC.Seq0.Step1.Mode=RUN
PCC.Seq0.Step1.Oscillator=HSE BYP PLL
PCC.Seq0.Step1.Peripherals=ADC1 ADC2 ADC3 ADC4 ADC5 AHB_to_APB1_Bridge AHB_to_APB2_Bridge CORDIC CRC DAC1 FDCAN2 GPIOA GPIOB GPIOC GPIOD GPIOE GPIOF I2C2 SPI1 SPI4 SYSCFG/VREFBUF/COMP1 TIM2 TIM3 TIM6 TIM7 TIM8 TIM20 USART3
PCC.Seq0.Step1.TaMax=119.07
PCC.Seq0.Step1.User's_Consumption=0 mA
PCC.Seq0.Step1.Vcore=Range1-Boost
PCC.Seq0.Step1.Vdd=3.0
PCC.Seq0.Step1.Voltage_Source=Vbus
PCC.Seq0.Step2.Average_Current=102.46 mA
PCC.Seq0.Step2.CPU_Frequency=170 MHz
PCC.Seq0.Step2.Category=In DS Table
PCC.Seq0.Step2.DMIPS=212.5
PCC.Seq0.Step2.Duration=1 ms
PCC.Seq0.Step2.Frequency=4 MHz
PCC.Seq0.Step2.Memory=FLASH/DualBank/ART
PCC.Seq0.Step2.Mode=RUN
PCC.Seq0.Step2.Oscillator=HSE BYP PLL
PCC.Seq0.Step2.Peripherals=ADC1 ADC2 ADC3 ADC4 ADC5 AHB_to_APB1_Bridge AHB_to_APB2_Bridge CCMSRAM CORDIC CRC CRS DAC1 DAC2 DAC3 DAC4 DMA1 DMA2 DMAMUX FDCAN1 FDCAN2 FDCAN3 FMAC FMC GPIOA GPIOB GPIOC GPIOD GPIOE GPIOF GPIOG HRTIM1 I2C1 I2C2 I2C3 I2C4 I2S2 I2S3 IWDG LPTIM1 LPUART1 OPAMP1 OPAMP2 OPAMP3 OPAMP4 OPAMP5 PWR QUADSPI1 RNG RTC RTCAPB SAI1 SPI1 SPI2 SPI3 SPI4 SRAM1 SYSCFG/VREFBUF/COMP1 SYSCFG/VREFBUF/COMP2 SYSCFG/VREFBUF/COMP3 SYSCFG/VREFBUF/COMP4 SYSCFG/VREFBUF/COMP5 SYSCFG/VREFBUF/COMP6 SYSCFG/VREFBUF/COMP7 TIM1 TIM2 TIM3 TIM4 TIM5 TIM6 TIM7 TIM8 TIM15 TIM16 TIM17 TIM20 UART4 UART5 UCPD1 USART1 USART2 USART3 USB WWDG
PCC.Seq0.Step2.TaMax=106.64
PCC.Seq0.Step2.User's_Consumption=0 mA
PCC.Seq0.Step2.Vcore=Range1-Boost
PCC.Seq0.Step2.Vdd=3.0
PCC.Seq0.Step2.Voltage_Source=Vbus
PCC.Series=STM32G4
PCC.Temperature=25
PCC.Vdd=3.0
PD0.GPIOParameters=GPIO_Label
PD0.GPIO_Label=PWM_HU
PD0.Locked=true
PD0.Mode=PWM Generation4 CH4 CH4N
PD0.Signal=TIM8_CH4N
PD1.GPIOParameters=GPIO_Label
PD1.GPIO_Label=PWM_LU
PD1.Locked=true
PD1.Signal=S_TIM8_CH4
PD10.GPIOParameters=GPIO_Label
PD10.GPIO_Label=INV_P_FB_ ADC
PD10.Locked=true
PD10.Mode=IN7-Single-Ended
PD10.Signal=ADC3_IN7
PD11.GPIOParameters=GPIO_Label
PD11.GPIO_Label=Mos1_T_1_ADC
PD11.Locked=true
PD11.Mode=IN8-Single-Ended
PD11.Signal=ADC3_IN8
PD12.GPIOParameters=GPIO_Label
PD12.GPIO_Label=Mos2_T_1_ADC
PD12.Locked=true
PD12.Mode=IN9-Single-Ended
PD12.Signal=ADC3_IN9
PD13.GPIOParameters=GPIO_Label
PD13.GPIO_Label=ECAP_T_1_ADC
PD13.Locked=true
PD13.Mode=IN10-Single-Ended
PD13.Signal=ADC3_IN10
PD14.GPIOParameters=GPIO_Label
PD14.GPIO_Label=S13V8_FB_ADC
PD14.Locked=true
PD14.Mode=IN11-Single-Ended
PD14.Signal=ADC3_IN11
PD15.GPIOParameters=GPIO_Label
PD15.GPIO_Label=Front_sig_DO
PD15.Locked=true
PD15.Signal=GPIO_Output
PD2.GPIOParameters=GPIO_Label
PD2.GPIO_Label=BUF FB_DI
PD2.Locked=true
PD2.Signal=GPIO_Input
PD3.GPIOParameters=PinState,GPIO_Label
PD3.GPIO_Label=BUF ENA_DO
PD3.Locked=true
PD3.PinState=GPIO_PIN_SET
PD3.Signal=GPIO_Output
PD7.GPIOParameters=GPIO_Label
PD7.GPIO_Label=FLASH_CS_DO
PD7.Locked=true
PD7.Signal=GPIO_Output
PD8.GPIOParameters=GPIO_Label
PD8.GPIO_Label=UART_TX_1
PD8.Locked=true
PD8.Mode=Asynchronous
PD8.Signal=USART3_TX
PD9.GPIOParameters=GPIO_Label
PD9.GPIO_Label=UART_RX_1
PD9.Locked=true
PD9.Mode=Asynchronous
PD9.Signal=USART3_RX
PE10.GPIOParameters=GPIO_Label
PE10.GPIO_Label=Acc. FB1_1_ADC
PE10.Locked=true
PE10.Mode=IN14-Single-Ended
PE10.Signal=ADC5_IN14
PE11.GPIOParameters=GPIO_Label
PE11.GPIO_Label=DiagEN_DO
PE11.Locked=true
PE11.Signal=GPIO_Output
PE13.GPIOParameters=GPIO_Label
PE13.GPIO_Label=EA5V_FB_ADC
PE13.Locked=true
PE13.Mode=IN3-Single-Ended
PE13.Signal=ADC3_IN3
PE14.GPIOParameters=GPIO_Label
PE14.GPIO_Label=Acc. FB2_1_ADC
PE14.Locked=true
PE14.Mode=IN1-Single-Ended
PE14.Signal=ADC4_IN1
PE15.GPIOParameters=GPIO_Label
PE15.GPIO_Label=ISEN_WFault_DI
PE15.Locked=true
PE15.Signal=GPIO_Input
PE2.GPIOParameters=GPIO_Label
PE2.GPIO_Label=MSPI_SCLK
PE2.Locked=true
PE2.Mode=Full_Duplex_Master
PE2.Signal=SPI4_SCK
PE4.GPIOParameters=GPIO_Label
PE4.GPIO_Label=MSPI_CS
PE4.Locked=true
PE4.Signal=GPIO_Output
PE5.GPIOParameters=GPIO_Label
PE5.GPIO_Label=MSPI_MISO
PE5.Locked=true
PE5.Mode=Full_Duplex_Master
PE5.Signal=SPI4_MISO
PE6.GPIOParameters=GPIO_Label
PE6.GPIO_Label=MSPI_MOSI
PE6.Locked=true
PE6.Mode=Full_Duplex_Master
PE6.Signal=SPI4_MOSI
PE7.GPIOParameters=GPIO_Label
PE7.GPIO_Label=PreC_FB_ADC
PE7.Locked=true
PE7.Mode=IN4-Single-Ended
PE7.Signal=ADC3_IN4
PE8.GPIOParameters=GPIO_Label
PE8.GPIO_Label=ISE_V_AD
PE8.Locked=true
PE8.Mode=IN6-Single-Ended
PE8.Signal=ADC4_IN6
PE9.GPIOParameters=GPIO_Label
PE9.GPIO_Label=ISE_U_AD
PE9.Locked=true
PE9.Mode=IN2-Single-Ended
PE9.Signal=ADC3_IN2
PF0-OSC_IN.Locked=true
PF0-OSC_IN.Mode=HSE-External-Oscillator
PF0-OSC_IN.Signal=RCC_OSC_IN
PF1-OSC_OUT.Locked=true
PF1-OSC_OUT.Mode=HSE-External-Oscillator
PF1-OSC_OUT.Signal=RCC_OSC_OUT
PinOutPanel.RotationAngle=0
ProjectManager.AskForMigrate=true
ProjectManager.BackupPrevious=false
ProjectManager.CompilerOptimize=6
ProjectManager.ComputerToolchain=false
ProjectManager.CoupleFile=false
ProjectManager.CustomerFirmwarePackage=
ProjectManager.DefaultFWLocation=true
ProjectManager.DeletePrevious=true
ProjectManager.DeviceId=STM32G474VETx
ProjectManager.FirmwarePackage=STM32Cube FW_G4 V1.5.2
ProjectManager.FreePins=true
ProjectManager.HalAssertFull=false
ProjectManager.HeapSize=0x100
ProjectManager.KeepUserCode=true
ProjectManager.LastFirmware=false
ProjectManager.LibraryCopy=1
ProjectManager.MainLocation=Core/Src
ProjectManager.NoMain=false
ProjectManager.PreviousToolchain=STM32CubeIDE
ProjectManager.ProjectBuild=false
ProjectManager.ProjectFileName=E10_MCU_20240126_kevin Kuo.ioc
ProjectManager.ProjectName=E10_MCU_20240126_kevin Kuo
ProjectManager.ProjectStructure=
ProjectManager.RegisterCallBack=
ProjectManager.StackSize=0x400
ProjectManager.TargetToolchain=STM32CubeIDE
ProjectManager.ToolChainLocation=
ProjectManager.UAScriptAfterPath=
ProjectManager.UAScriptBeforePath=
ProjectManager.UnderRoot=true
ProjectManager.functionlistsort=1-MX_GPIO_Init-GPIO-false-HAL-true,2-SystemClock_Config-RCC-false-HAL-false,3-MX_DMA_Init-DMA-false-HAL-true,4-MX_ADC1_Init-ADC1-false-HAL-true,5-MX_ADC2_Init-ADC2-false-HAL-true,6-MX_ADC3_Init-ADC3-false-HAL-true,7-MX_ADC4_Init-ADC4-false-HAL-true,8-MX_ADC5_Init-ADC5-false-HAL-true,9-MX_DAC1_Init-DAC1-false-HAL-true,10-MX_FDCAN2_Init-FDCAN2-false-HAL-true,11-MX_SPI1_Init-SPI1-false-HAL-true,12-MX_TIM8_Init-TIM8-false-HAL-true,13-MX_TIM6_Init-TIM6-false-HAL-true,14-MX_TIM3_Init-TIM3-false-HAL-true,15-MX_TIM2_Init-TIM2-false-HAL-true,16-MX_TIM20_Init-TIM20-false-HAL-true,17-MX_CORDIC_Init-CORDIC-false-HAL-true,18-MX_USART3_UART_Init-USART3-false-HAL-true,19-MX_TIM7_Init-TIM7-false-HAL-true,20-MX_CRC_Init-CRC-false-HAL-true,21-MX_SPI4_Init-SPI4-false-HAL-true,22-MX_I2C2_Init-I2C2-false-HAL-true
RCC.ADC12Freq_Value=170000000
RCC.ADC345Freq_Value=170000000
RCC.AHBFreq_Value=170000000
RCC.APB1CLKDivider=RCC_HCLK_DIV2
RCC.APB1Freq_Value=85000000
RCC.APB1TimFreq_Value=170000000
RCC.APB2Freq_Value=170000000
RCC.APB2TimFreq_Value=170000000
RCC.CRSFreq_Value=48000000
RCC.CortexFreq_Value=170000000
RCC.EXTERNAL_CLOCK_VALUE=12288000
RCC.FCLKCortexFreq_Value=170000000
RCC.FDCANFreq_Value=85000000
RCC.FamilyName=M
RCC.HCLKFreq_Value=170000000
RCC.HRTIM1Freq_Value=170000000
RCC.HSE_VALUE=20000000
RCC.HSI48_VALUE=48000000
RCC.HSI_VALUE=16000000
RCC.I2C1Freq_Value=85000000
RCC.I2C2Freq_Value=85000000
RCC.I2C3Freq_Value=85000000
RCC.I2C4Freq_Value=85000000
RCC.I2SFreq_Value=170000000
RCC.IPParameters=ADC12Freq_Value,ADC345Freq_Value,AHBFreq_Value,APB1CLKDivider,APB1Freq_Value,APB1TimFreq_Value,APB2Freq_Value,APB2TimFreq_Value,CRSFreq_Value,CortexFreq_Value,EXTERNAL_CLOCK_VALUE,FCLKCortexFreq_Value,FDCANFreq_Value,FamilyName,HCLKFreq_Value,HRTIM1Freq_Value,HSE_VALUE,HSI48_VALUE,HSI_VALUE,I2C1Freq_Value,I2C2Freq_Value,I2C3Freq_Value,I2C4Freq_Value,I2SFreq_Value,LPTIM1Freq_Value,LPUART1Freq_Value,LSCOPinFreq_Value,LSE_VALUE,LSI_VALUE,MCO1PinFreq_Value,PLLM,PLLN,PLLPoutputFreq_Value,PLLQoutputFreq_Value,PLLRCLKFreq_Value,PLLSourceVirtual,PWRFreq_Value,PWR_Regulator_Voltage_Scale,QSPIFreq_Value,RNGFreq_Value,SAI1Freq_Value,SYSCLKFreq_VALUE,SYSCLKSource,UART4Freq_Value,UART5Freq_Value,USART1Freq_Value,USART2Freq_Value,USART3Freq_Value,USBFreq_Value,VCOInputFreq_Value,VCOOutputFreq_Value
RCC.LPTIM1Freq_Value=85000000
RCC.LPUART1Freq_Value=85000000
RCC.LSCOPinFreq_Value=32000
RCC.LSE_VALUE=32768
RCC.LSI_VALUE=32000
RCC.MCO1PinFreq_Value=16000000
RCC.PLLM=RCC_PLLM_DIV3
RCC.PLLN=51
RCC.PLLPoutputFreq_Value=170000000
RCC.PLLQoutputFreq_Value=170000000
RCC.PLLRCLKFreq_Value=170000000
RCC.PLLSourceVirtual=RCC_PLLSOURCE_HSE
RCC.PWRFreq_Value=170000000
RCC.PWR_Regulator_Voltage_Scale=PWR_REGULATOR_VOLTAGE_SCALE1_BOOST
RCC.QSPIFreq_Value=170000000
RCC.RNGFreq_Value=170000000
RCC.SAI1Freq_Value=170000000
RCC.SYSCLKFreq_VALUE=170000000
RCC.SYSCLKSource=RCC_SYSCLKSOURCE_PLLCLK
RCC.UART4Freq_Value=85000000
RCC.UART5Freq_Value=85000000
RCC.USART1Freq_Value=170000000
RCC.USART2Freq_Value=85000000
RCC.USART3Freq_Value=85000000
RCC.USBFreq_Value=170000000
RCC.VCOInputFreq_Value=6666666.666666667
RCC.VCOOutputFreq_Value=340000000
SH.COMP_DAC11_group.0=DAC1_OUT1,DAC_OUT1
SH.COMP_DAC11_group.ConfNb=1
SH.S_TIM20_CH2.0=TIM20_CH2,PWM_Input_2
SH.S_TIM20_CH2.ConfNb=1
SH.S_TIM2_CH1.0=TIM2_CH1,Encoder_Interface_w_index
SH.S_TIM2_CH1.ConfNb=1
SH.S_TIM2_CH2.0=TIM2_CH2,Encoder_Interface_w_index
SH.S_TIM2_CH2.ConfNb=1
SH.S_TIM2_ETR.0=TIM2_ETR,Encoder_Interface_w_index
SH.S_TIM2_ETR.ConfNb=1
SH.S_TIM8_CH1.0=TIM8_CH1,PWM Generation1 CH1 CH1N
SH.S_TIM8_CH1.ConfNb=1
SH.S_TIM8_CH3.0=TIM8_CH3,PWM Generation3 CH3 CH3N
SH.S_TIM8_CH3.ConfNb=1
SH.S_TIM8_CH4.0=TIM8_CH4,PWM Generation4 CH4 CH4N
SH.S_TIM8_CH4.ConfNb=1
SPI1.BaudRatePrescaler=SPI_BAUDRATEPRESCALER_32
SPI1.CalculateBaudRate=5.3125 MBits/s
SPI1.DataSize=SPI_DATASIZE_8BIT
SPI1.Direction=SPI_DIRECTION_2LINES
SPI1.IPParameters=VirtualType,Mode,Direction,BaudRatePrescaler,CalculateBaudRate,DataSize,NSSPMode
SPI1.Mode=SPI_MODE_MASTER
SPI1.NSSPMode=SPI_NSS_PULSE_DISABLE
SPI1.VirtualType=VM_MASTER
SPI4.BaudRatePrescaler=SPI_BAUDRATEPRESCALER_32
SPI4.CLKPhase=SPI_PHASE_2EDGE
SPI4.CLKPolarity=SPI_POLARITY_HIGH
SPI4.CalculateBaudRate=5.3125 MBits/s
SPI4.DataSize=SPI_DATASIZE_16BIT
SPI4.Direction=SPI_DIRECTION_2LINES
SPI4.IPParameters=VirtualType,Mode,Direction,BaudRatePrescaler,CalculateBaudRate,DataSize,CLKPolarity,CLKPhase
SPI4.Mode=SPI_MODE_MASTER
SPI4.VirtualType=VM_MASTER
TIM2.EncoderMode=TIM_ENCODERMODE_TI12
TIM2.IPParameters=PeriodNoDither,EncoderMode
TIM2.PeriodNoDither=4095
TIM20.ICPolarity_1=TIM_INPUTCHANNELPOLARITY_FALLING
TIM20.IPParameters=Prescaler,ICPolarity_1
TIM20.Prescaler=17-1
TIM3.IPParameters=Prescaler,PeriodNoDither,TIM_MasterOutputTrigger
TIM3.PeriodNoDither=(15000-1)
TIM3.Prescaler=(34000 -1)
TIM3.TIM_MasterOutputTrigger=TIM_TRGO_RESET
TIM6.IPParameters=Prescaler,PeriodNoDither,TIM_MasterOutputTrigger
TIM6.PeriodNoDither=(1000 - 1)
TIM6.Prescaler=(170 - 1)
TIM6.TIM_MasterOutputTrigger=TIM_TRGO_UPDATE
TIM7.IPParameters=Prescaler,PeriodNoDither,TIM_MasterOutputTrigger
TIM7.PeriodNoDither=(10000-1)
TIM7.Prescaler=(170-1)
TIM7.TIM_MasterOutputTrigger=TIM_TRGO_UPDATE
TIM8.AutoReloadPreload=TIM_AUTORELOAD_PRELOAD_ENABLE
TIM8.BreakPolarity=TIM_BREAKPOLARITY_LOW
TIM8.Channel-PWM\ Generation1\ CH1\ CH1N=TIM_CHANNEL_1
TIM8.Channel-PWM\ Generation3\ CH3\ CH3N=TIM_CHANNEL_3
TIM8.Channel-PWM\ Generation4\ CH4\ CH4N=TIM_CHANNEL_4
TIM8.CounterMode=TIM_COUNTERMODE_CENTERALIGNED1
TIM8.DeadTime=128
TIM8.IPParameters=Channel-PWM Generation1 CH1 CH1N,Channel-PWM Generation3 CH3 CH3N,Channel-PWM Generation4 CH4 CH4N,Prescaler,CounterMode,PeriodNoDither,RepetitionCounter,AutoReloadPreload,TIM_MasterOutputTrigger,BreakPolarity,SourceBRKDigInput,DeadTime,PulseNoDither_1,OCMode_PWM-PWM Generation1 CH1 CH1N,PulseNoDither_3,PulseNoDither_4
TIM8.OCMode_PWM-PWM\ Generation1\ CH1\ CH1N=TIM_OCMODE_PWM2
TIM8.PeriodNoDither=( 8500 - 1 )
TIM8.Prescaler=( 1 - 1 )
TIM8.PulseNoDither_1=8500-1
TIM8.PulseNoDither_3=8500-1
TIM8.PulseNoDither_4=8500-1
TIM8.RepetitionCounter=1
TIM8.SourceBRKDigInput=TIM_BREAKINPUTSOURCE_ENABLE
TIM8.TIM_MasterOutputTrigger=TIM_TRGO_UPDATE
USART3.FIFOMode=FIFOMODE_ENABLE
USART3.IPParameters=VirtualMode-Asynchronous,FIFOMode
USART3.VirtualMode-Asynchronous=VM_ASYNC
VP_CORDIC_VS_CORDIC.Mode=CORDIC_Activate
VP_CORDIC_VS_CORDIC.Signal=CORDIC_VS_CORDIC
VP_CRC_VS_CRC.Mode=CRC_Activate
VP_CRC_VS_CRC.Signal=CRC_VS_CRC
VP_SYS_VS_DBSignals.Mode=DisableDeadBatterySignals
VP_SYS_VS_DBSignals.Signal=SYS_VS_DBSignals
VP_SYS_VS_Systick.Mode=SysTick
VP_SYS_VS_Systick.Signal=SYS_VS_Systick
VP_SYS_V_PVD_IN.Mode=Mode_PVD_Int
VP_SYS_V_PVD_IN.Signal=SYS_V_PVD_IN
VP_TIM20_VS_ClockSourceINT.Mode=Internal
VP_TIM20_VS_ClockSourceINT.Signal=TIM20_VS_ClockSourceINT
VP_TIM3_VS_ClockSourceINT.Mode=Internal
VP_TIM3_VS_ClockSourceINT.Signal=TIM3_VS_ClockSourceINT
VP_TIM6_VS_ClockSourceINT.Mode=Enable_Timer
VP_TIM6_VS_ClockSourceINT.Signal=TIM6_VS_ClockSourceINT
VP_TIM7_VS_ClockSourceINT.Mode=Enable_Timer
VP_TIM7_VS_ClockSourceINT.Signal=TIM7_VS_ClockSourceINT
VP_TIM8_VS_ClockSourceINT.Mode=Internal
VP_TIM8_VS_ClockSourceINT.Signal=TIM8_VS_ClockSourceINT
board=custom
